
Microsoft Visual Studio Solution File, Format Version 12.00
# Visual Studio Version 17
VisualStudioVersion = 17.1.32414.318
MinimumVisualStudioVersion = 10.0.40219.1
Project("{FAE04EC0-301F-11D3-BF4B-00C04F79EFBC}") = "Abstract", "Abstract.csproj", "{459A25AA-5F85-473C-B7C3-35EAC6842DCC}"
EndProject
Global
	GlobalSection(SolutionConfigurationPlatforms) = preSolution
		Debug|Any CPU = Debug|Any CPU
		Release|Any CPU = Release|Any CPU
	EndGlobalSection
	GlobalSection(ProjectConfigurationPlatforms) = postSolution
		{459A25AA-5F85-473C-B7C3-35EAC6842DCC}.Debug|Any CPU.ActiveCfg = Debug|Any CPU
		{459A25AA-5F85-473C-B7C3-35EAC6842DCC}.Debug|Any CPU.Build.0 = Debug|Any CPU
		{459A25AA-5F85-473C-B7C3-35EAC6842DCC}.Release|Any CPU.ActiveCfg = Release|Any CPU
		{459A25AA-5F85-473C-B7C3-35EAC6842DCC}.Release|Any CPU.Build.0 = Release|Any CPU
	EndGlobalSection
	GlobalSection(SolutionProperties) = preSolution
		HideSolutionNode = FALSE
	EndGlobalSection
	GlobalSection(ExtensibilityGlobals) = postSolution
		SolutionGuid = {7F384B91-4DB5-4986-91A4-15951B4E46DC}
	EndGlobalSection
EndGlobal
