
Microsoft Visual Studio Solution File, Format Version 12.00
# Visual Studio Version 17
VisualStudioVersion = 17.1.32414.318
MinimumVisualStudioVersion = 10.0.40219.1
Project("{FAE04EC0-301F-11D3-BF4B-00C04F79EFBC}") = "Switch", "Switch.csproj", "{F1D89409-05CC-45BA-AD37-39B6A27EFD43}"
EndProject
Global
	GlobalSection(SolutionConfigurationPlatforms) = preSolution
		Debug|Any CPU = Debug|Any CPU
		Release|Any CPU = Release|Any CPU
	EndGlobalSection
	GlobalSection(ProjectConfigurationPlatforms) = postSolution
		{F1D89409-05CC-45BA-AD37-39B6A27EFD43}.Debug|Any CPU.ActiveCfg = Debug|Any CPU
		{F1D89409-05CC-45BA-AD37-39B6A27EFD43}.Debug|Any CPU.Build.0 = Debug|Any CPU
		{F1D89409-05CC-45BA-AD37-39B6A27EFD43}.Release|Any CPU.ActiveCfg = Release|Any CPU
		{F1D89409-05CC-45BA-AD37-39B6A27EFD43}.Release|Any CPU.Build.0 = Release|Any CPU
	EndGlobalSection
	GlobalSection(SolutionProperties) = preSolution
		HideSolutionNode = FALSE
	EndGlobalSection
	GlobalSection(ExtensibilityGlobals) = postSolution
		SolutionGuid = {073C284B-41A1-47C5-AF0C-48D3C73183DF}
	EndGlobalSection
EndGlobal
