
Microsoft Visual Studio Solution File, Format Version 12.00
# Visual Studio Version 17
VisualStudioVersion = 17.1.32414.318
MinimumVisualStudioVersion = 10.0.40219.1
Project("{FAE04EC0-301F-11D3-BF4B-00C04F79EFBC}") = "MultipleWriteLine", "MultipleWriteLine.csproj", "{AD631CE9-C608-476B-AA4B-35DEEF81A1BC}"
EndProject
Global
	GlobalSection(SolutionConfigurationPlatforms) = preSolution
		Debug|Any CPU = Debug|Any CPU
		Release|Any CPU = Release|Any CPU
	EndGlobalSection
	GlobalSection(ProjectConfigurationPlatforms) = postSolution
		{AD631CE9-C608-476B-AA4B-35DEEF81A1BC}.Debug|Any CPU.ActiveCfg = Debug|Any CPU
		{AD631CE9-C608-476B-AA4B-35DEEF81A1BC}.Debug|Any CPU.Build.0 = Debug|Any CPU
		{AD631CE9-C608-476B-AA4B-35DEEF81A1BC}.Release|Any CPU.ActiveCfg = Release|Any CPU
		{AD631CE9-C608-476B-AA4B-35DEEF81A1BC}.Release|Any CPU.Build.0 = Release|Any CPU
	EndGlobalSection
	GlobalSection(SolutionProperties) = preSolution
		HideSolutionNode = FALSE
	EndGlobalSection
	GlobalSection(ExtensibilityGlobals) = postSolution
		SolutionGuid = {2E45FACC-3147-416B-89ED-FD3461105306}
	EndGlobalSection
EndGlobal
