
Microsoft Visual Studio Solution File, Format Version 12.00
# Visual Studio Version 17
VisualStudioVersion = 17.1.32414.318
MinimumVisualStudioVersion = 10.0.40219.1
Project("{FAE04EC0-301F-11D3-BF4B-00C04F79EFBC}") = "Exceptions", "Exceptions.csproj", "{4103A509-ECD5-46C2-91AA-4A9C318F0BB5}"
EndProject
Global
	GlobalSection(SolutionConfigurationPlatforms) = preSolution
		Debug|Any CPU = Debug|Any CPU
		Release|Any CPU = Release|Any CPU
	EndGlobalSection
	GlobalSection(ProjectConfigurationPlatforms) = postSolution
		{4103A509-ECD5-46C2-91AA-4A9C318F0BB5}.Debug|Any CPU.ActiveCfg = Debug|Any CPU
		{4103A509-ECD5-46C2-91AA-4A9C318F0BB5}.Debug|Any CPU.Build.0 = Debug|Any CPU
		{4103A509-ECD5-46C2-91AA-4A9C318F0BB5}.Release|Any CPU.ActiveCfg = Release|Any CPU
		{4103A509-ECD5-46C2-91AA-4A9C318F0BB5}.Release|Any CPU.Build.0 = Release|Any CPU
	EndGlobalSection
	GlobalSection(SolutionProperties) = preSolution
		HideSolutionNode = FALSE
	EndGlobalSection
	GlobalSection(ExtensibilityGlobals) = postSolution
		SolutionGuid = {0B71D40D-25A3-44D3-A6AF-98E876839602}
	EndGlobalSection
EndGlobal
